// !$*UTF8*$!
{
	archiveVersion = 1;
	classes = {
	};
	objectVersion = 51;
	objects = {

/* Begin PBXBuildFile section */
		51A852D28FC86EBFE5A7EBA3 /* Pods_Todoey.framework in Frameworks */ = {isa = PBXBuildFile; fileRef = BC7DFE73792FCF0F90EFB7D9 /* Pods_Todoey.framework */; };
		A11D583322DD1E6C00663230 /* Item.swift in Sources */ = {isa = PBXBuildFile; fileRef = A11D583222DD1E6C00663230 /* Item.swift */; };
		A11D583522DD1E7A00663230 /* Category.swift in Sources */ = {isa = PBXBuildFile; fileRef = A11D583422DD1E7A00663230 /* Category.swift */; };
		A11D583722DFCA8600663230 /* SwipeTableViewController.swift in Sources */ = {isa = PBXBuildFile; fileRef = A11D583622DFCA8600663230 /* SwipeTableViewController.swift */; };
		A1231A9C22DA07D800D88AEF /* AppDelegate.swift in Sources */ = {isa = PBXBuildFile; fileRef = A1231A9B22DA07D800D88AEF /* AppDelegate.swift */; };
		A1231A9E22DA07D800D88AEF /* ToDoListViewController.swift in Sources */ = {isa = PBXBuildFile; fileRef = A1231A9D22DA07D800D88AEF /* ToDoListViewController.swift */; };
		A1231AA122DA07D800D88AEF /* Main.storyboard in Resources */ = {isa = PBXBuildFile; fileRef = A1231A9F22DA07D800D88AEF /* Main.storyboard */; };
		A1231AA322DA07DD00D88AEF /* Assets.xcassets in Resources */ = {isa = PBXBuildFile; fileRef = A1231AA222DA07DD00D88AEF /* Assets.xcassets */; };
		A1231AA622DA07DD00D88AEF /* LaunchScreen.storyboard in Resources */ = {isa = PBXBuildFile; fileRef = A1231AA422DA07DD00D88AEF /* LaunchScreen.storyboard */; };
		A1231ADB22DBD39F00D88AEF /* CategoryViewController.swift in Sources */ = {isa = PBXBuildFile; fileRef = A1231ADA22DBD39F00D88AEF /* CategoryViewController.swift */; };
/* End PBXBuildFile section */

/* Begin PBXFileReference section */
		51E676CBC7039515CB86411D /* Pods-Todoey.release.xcconfig */ = {isa = PBXFileReference; includeInIndex = 1; lastKnownFileType = text.xcconfig; name = "Pods-Todoey.release.xcconfig"; path = "Target Support Files/Pods-Todoey/Pods-Todoey.release.xcconfig"; sourceTree = "<group>"; };
		90D355151A7C8D3058F2F734 /* Pods-Todoey.debug.xcconfig */ = {isa = PBXFileReference; includeInIndex = 1; lastKnownFileType = text.xcconfig; name = "Pods-Todoey.debug.xcconfig"; path = "Target Support Files/Pods-Todoey/Pods-Todoey.debug.xcconfig"; sourceTree = "<group>"; };
		A11D583222DD1E6C00663230 /* Item.swift */ = {isa = PBXFileReference; lastKnownFileType = sourcecode.swift; path = Item.swift; sourceTree = "<group>"; };
		A11D583422DD1E7A00663230 /* Category.swift */ = {isa = PBXFileReference; lastKnownFileType = sourcecode.swift; path = Category.swift; sourceTree = "<group>"; };
		A11D583622DFCA8600663230 /* SwipeTableViewController.swift */ = {isa = PBXFileReference; lastKnownFileType = sourcecode.swift; path = SwipeTableViewController.swift; sourceTree = "<group>"; };
		A1231A9822DA07D800D88AEF /* Todoey.app */ = {isa = PBXFileReference; explicitFileType = wrapper.application; includeInIndex = 0; path = Todoey.app; sourceTree = BUILT_PRODUCTS_DIR; };
		A1231A9B22DA07D800D88AEF /* AppDelegate.swift */ = {isa = PBXFileReference; lastKnownFileType = sourcecode.swift; path = AppDelegate.swift; sourceTree = "<group>"; };
		A1231A9D22DA07D800D88AEF /* ToDoListViewController.swift */ = {isa = PBXFileReference; lastKnownFileType = sourcecode.swift; path = ToDoListViewController.swift; sourceTree = "<group>"; };
		A1231AA022DA07D800D88AEF /* Base */ = {isa = PBXFileReference; lastKnownFileType = file.storyboard; name = Base; path = Base.lproj/Main.storyboard; sourceTree = "<group>"; };
		A1231AA222DA07DD00D88AEF /* Assets.xcassets */ = {isa = PBXFileReference; lastKnownFileType = folder.assetcatalog; path = Assets.xcassets; sourceTree = "<group>"; };
		A1231AA522DA07DD00D88AEF /* Base */ = {isa = PBXFileReference; lastKnownFileType = file.storyboard; name = Base; path = Base.lproj/LaunchScreen.storyboard; sourceTree = "<group>"; };
		A1231AA722DA07DD00D88AEF /* Info.plist */ = {isa = PBXFileReference; lastKnownFileType = text.plist.xml; path = Info.plist; sourceTree = "<group>"; };
		A1231ADA22DBD39F00D88AEF /* CategoryViewController.swift */ = {isa = PBXFileReference; lastKnownFileType = sourcecode.swift; path = CategoryViewController.swift; sourceTree = "<group>"; };
		BC7DFE73792FCF0F90EFB7D9 /* Pods_Todoey.framework */ = {isa = PBXFileReference; explicitFileType = wrapper.framework; includeInIndex = 0; path = Pods_Todoey.framework; sourceTree = BUILT_PRODUCTS_DIR; };
/* End PBXFileReference section */

/* Begin PBXFrameworksBuildPhase section */
		A1231A9522DA07D800D88AEF /* Frameworks */ = {
			isa = PBXFrameworksBuildPhase;
			buildActionMask = 2147483647;
			files = (
				51A852D28FC86EBFE5A7EBA3 /* Pods_Todoey.framework in Frameworks */,
			);
			runOnlyForDeploymentPostprocessing = 0;
		};
/* End PBXFrameworksBuildPhase section */

/* Begin PBXGroup section */
		A1231A8F22DA07D800D88AEF = {
			isa = PBXGroup;
			children = (
				A1231A9A22DA07D800D88AEF /* Todoey */,
				A1231A9922DA07D800D88AEF /* Products */,
				DE79B10BB43C09583F0262C7 /* Pods */,
				FB2574F1672C8D268C381721 /* Frameworks */,
			);
			sourceTree = "<group>";
		};
		A1231A9922DA07D800D88AEF /* Products */ = {
			isa = PBXGroup;
			children = (
				A1231A9822DA07D800D88AEF /* Todoey.app */,
			);
			name = Products;
			sourceTree = "<group>";
		};
		A1231A9A22DA07D800D88AEF /* Todoey */ = {
			isa = PBXGroup;
			children = (
				A1231A9B22DA07D800D88AEF /* AppDelegate.swift */,
				A1231AB022DA49E300D88AEF /* Controllers */,
				A1231AAF22DA49C900D88AEF /* Data Model */,
				A1231AB122DA49FB00D88AEF /* Views */,
				A1231AB222DA4A1E00D88AEF /* Supporting Files */,
				A1231AA722DA07DD00D88AEF /* Info.plist */,
			);
			path = Todoey;
			sourceTree = "<group>";
		};
		A1231AAF22DA49C900D88AEF /* Data Model */ = {
			isa = PBXGroup;
			children = (
				A11D583422DD1E7A00663230 /* Category.swift */,
				A11D583222DD1E6C00663230 /* Item.swift */,
			);
			path = "Data Model";
			sourceTree = "<group>";
		};
		A1231AB022DA49E300D88AEF /* Controllers */ = {
			isa = PBXGroup;
			children = (
				A1231ADA22DBD39F00D88AEF /* CategoryViewController.swift */,
				A11D583622DFCA8600663230 /* SwipeTableViewController.swift */,
				A1231A9D22DA07D800D88AEF /* ToDoListViewController.swift */,
			);
			path = Controllers;
			sourceTree = "<group>";
		};
		A1231AB122DA49FB00D88AEF /* Views */ = {
			isa = PBXGroup;
			children = (
				A1231A9F22DA07D800D88AEF /* Main.storyboard */,
			);
			path = Views;
			sourceTree = "<group>";
		};
		A1231AB222DA4A1E00D88AEF /* Supporting Files */ = {
			isa = PBXGroup;
			children = (
				A1231AA222DA07DD00D88AEF /* Assets.xcassets */,
				A1231AA422DA07DD00D88AEF /* LaunchScreen.storyboard */,
			);
			path = "Supporting Files";
			sourceTree = "<group>";
		};
		DE79B10BB43C09583F0262C7 /* Pods */ = {
			isa = PBXGroup;
			children = (
				90D355151A7C8D3058F2F734 /* Pods-Todoey.debug.xcconfig */,
				51E676CBC7039515CB86411D /* Pods-Todoey.release.xcconfig */,
			);
			path = Pods;
			sourceTree = "<group>";
		};
		FB2574F1672C8D268C381721 /* Frameworks */ = {
			isa = PBXGroup;
			children = (
				BC7DFE73792FCF0F90EFB7D9 /* Pods_Todoey.framework */,
			);
			name = Frameworks;
			sourceTree = "<group>";
		};
/* End PBXGroup section */

/* Begin PBXNativeTarget section */
		A1231A9722DA07D800D88AEF /* Todoey */ = {
			isa = PBXNativeTarget;
			buildConfigurationList = A1231AAA22DA07DD00D88AEF /* Build configuration list for PBXNativeTarget "Todoey" */;
			buildPhases = (
				C6C56FED726B27F0DED84C32 /* [CP] Check Pods Manifest.lock */,
				A1231A9422DA07D800D88AEF /* Sources */,
				A1231A9522DA07D800D88AEF /* Frameworks */,
				A1231A9622DA07D800D88AEF /* Resources */,
				EC8A122B9F0EC14A848EC9B3 /* [CP] Embed Pods Frameworks */,
			);
			buildRules = (
			);
			dependencies = (
			);
			name = Todoey;
			productName = Todoey;
			productReference = A1231A9822DA07D800D88AEF /* Todoey.app */;
			productType = "com.apple.product-type.application";
		};
/* End PBXNativeTarget section */

/* Begin PBXProject section */
		A1231A9022DA07D800D88AEF /* Project object */ = {
			isa = PBXProject;
			attributes = {
				LastSwiftUpdateCheck = 1020;
				LastUpgradeCheck = 1020;
				ORGANIZATIONNAME = HMSolutions;
				TargetAttributes = {
					A1231A9722DA07D800D88AEF = {
						CreatedOnToolsVersion = 10.2.1;
					};
				};
			};
			buildConfigurationList = A1231A9322DA07D800D88AEF /* Build configuration list for PBXProject "Todoey" */;
			compatibilityVersion = "Xcode 9.3";
			developmentRegion = en;
			hasScannedForEncodings = 0;
			knownRegions = (
				en,
				Base,
			);
			mainGroup = A1231A8F22DA07D800D88AEF;
			productRefGroup = A1231A9922DA07D800D88AEF /* Products */;
			projectDirPath = "";
			projectRoot = "";
			targets = (
				A1231A9722DA07D800D88AEF /* Todoey */,
			);
		};
/* End PBXProject section */

/* Begin PBXResourcesBuildPhase section */
		A1231A9622DA07D800D88AEF /* Resources */ = {
			isa = PBXResourcesBuildPhase;
			buildActionMask = 2147483647;
			files = (
				A1231AA622DA07DD00D88AEF /* LaunchScreen.storyboard in Resources */,
				A1231AA322DA07DD00D88AEF /* Assets.xcassets in Resources */,
				A1231AA122DA07D800D88AEF /* Main.storyboard in Resources */,
			);
			runOnlyForDeploymentPostprocessing = 0;
		};
/* End PBXResourcesBuildPhase section */

/* Begin PBXShellScriptBuildPhase section */
		C6C56FED726B27F0DED84C32 /* [CP] Check Pods Manifest.lock */ = {
			isa = PBXShellScriptBuildPhase;
			buildActionMask = 2147483647;
			files = (
			);
			inputFileListPaths = (
			);
			inputPaths = (
				"${PODS_PODFILE_DIR_PATH}/Podfile.lock",
				"${PODS_ROOT}/Manifest.lock",
			);
			name = "[CP] Check Pods Manifest.lock";
			outputFileListPaths = (
			);
			outputPaths = (
				"$(DERIVED_FILE_DIR)/Pods-Todoey-checkManifestLockResult.txt",
			);
			runOnlyForDeploymentPostprocessing = 0;
			shellPath = /bin/sh;
			shellScript = "diff \"${PODS_PODFILE_DIR_PATH}/Podfile.lock\" \"${PODS_ROOT}/Manifest.lock\" > /dev/null\nif [ $? != 0 ] ; then\n    # print error to STDERR\n    echo \"error: The sandbox is not in sync with the Podfile.lock. Run 'pod install' or update your CocoaPods installation.\" >&2\n    exit 1\nfi\n# This output is used by Xcode 'outputs' to avoid re-running this script phase.\necho \"SUCCESS\" > \"${SCRIPT_OUTPUT_FILE_0}\"\n";
			showEnvVarsInLog = 0;
		};
		EC8A122B9F0EC14A848EC9B3 /* [CP] Embed Pods Frameworks */ = {
			isa = PBXShellScriptBuildPhase;
			buildActionMask = 2147483647;
			files = (
			);
			inputFileListPaths = (
				"${PODS_ROOT}/Target Support Files/Pods-Todoey/Pods-Todoey-frameworks-${CONFIGURATION}-input-files.xcfilelist",
			);
			name = "[CP] Embed Pods Frameworks";
			outputFileListPaths = (
				"${PODS_ROOT}/Target Support Files/Pods-Todoey/Pods-Todoey-frameworks-${CONFIGURATION}-output-files.xcfilelist",
			);
			runOnlyForDeploymentPostprocessing = 0;
			shellPath = /bin/sh;
			shellScript = "\"${PODS_ROOT}/Target Support Files/Pods-Todoey/Pods-Todoey-frameworks.sh\"\n";
			showEnvVarsInLog = 0;
		};
/* End PBXShellScriptBuildPhase section */

/* Begin PBXSourcesBuildPhase section */
		A1231A9422DA07D800D88AEF /* Sources */ = {
			isa = PBXSourcesBuildPhase;
			buildActionMask = 2147483647;
			files = (
				A11D583322DD1E6C00663230 /* Item.swift in Sources */,
				A1231ADB22DBD39F00D88AEF /* CategoryViewController.swift in Sources */,
				A1231A9E22DA07D800D88AEF /* ToDoListViewController.swift in Sources */,
				A1231A9C22DA07D800D88AEF /* AppDelegate.swift in Sources */,
				A11D583722DFCA8600663230 /* SwipeTableViewController.swift in Sources */,
				A11D583522DD1E7A00663230 /* Category.swift in Sources */,
			);
			runOnlyForDeploymentPostprocessing = 0;
		};
/* End PBXSourcesBuildPhase section */

/* Begin PBXVariantGroup section */
		A1231A9F22DA07D800D88AEF /* Main.storyboard */ = {
			isa = PBXVariantGroup;
			children = (
				A1231AA022DA07D800D88AEF /* Base */,
			);
			name = Main.storyboard;
			sourceTree = "<group>";
		};
		A1231AA422DA07DD00D88AEF /* LaunchScreen.storyboard */ = {
			isa = PBXVariantGroup;
			children = (
				A1231AA522DA07DD00D88AEF /* Base */,
			);
			name = LaunchScreen.storyboard;
			sourceTree = "<group>";
		};
/* End PBXVariantGroup section */

/* Begin XCBuildConfiguration section */
		A1231AA822DA07DD00D88AEF /* Debug */ = {
			isa = XCBuildConfiguration;
			buildSettings = {
				ALWAYS_SEARCH_USER_PATHS = NO;
				CLANG_ANALYZER_NONNULL = YES;
				CLANG_ANALYZER_NUMBER_OBJECT_CONVERSION = YES_AGGRESSIVE;
				CLANG_CXX_LANGUAGE_STANDARD = "gnu++14";
				CLANG_CXX_LIBRARY = "libc++";
				CLANG_ENABLE_MODULES = YES;
				CLANG_ENABLE_OBJC_ARC = YES;
				CLANG_ENABLE_OBJC_WEAK = YES;
				CLANG_WARN_BLOCK_CAPTURE_AUTORELEASING = YES;
				CLANG_WARN_BOOL_CONVERSION = YES;
				CLANG_WARN_COMMA = YES;
				CLANG_WARN_CONSTANT_CONVERSION = YES;
				CLANG_WARN_DEPRECATED_OBJC_IMPLEMENTATIONS = YES;
				CLANG_WARN_DIRECT_OBJC_ISA_USAGE = YES_ERROR;
				CLANG_WARN_DOCUMENTATION_COMMENTS = YES;
				CLANG_WARN_EMPTY_BODY = YES;
				CLANG_WARN_ENUM_CONVERSION = YES;
				CLANG_WARN_INFINITE_RECURSION = YES;
				CLANG_WARN_INT_CONVERSION = YES;
				CLANG_WARN_NON_LITERAL_NULL_CONVERSION = YES;
				CLANG_WARN_OBJC_IMPLICIT_RETAIN_SELF = YES;
				CLANG_WARN_OBJC_LITERAL_CONVERSION = YES;
				CLANG_WARN_OBJC_ROOT_CLASS = YES_ERROR;
				CLANG_WARN_RANGE_LOOP_ANALYSIS = YES;
				CLANG_WARN_STRICT_PROTOTYPES = YES;
				CLANG_WARN_SUSPICIOUS_MOVE = YES;
				CLANG_WARN_UNGUARDED_AVAILABILITY = YES_AGGRESSIVE;
				CLANG_WARN_UNREACHABLE_CODE = YES;
				CLANG_WARN__DUPLICATE_METHOD_MATCH = YES;
				CODE_SIGN_IDENTITY = "iPhone Developer";
				COPY_PHASE_STRIP = NO;
				DEBUG_INFORMATION_FORMAT = dwarf;
				ENABLE_STRICT_OBJC_MSGSEND = YES;
				ENABLE_TESTABILITY = YES;
				GCC_C_LANGUAGE_STANDARD = gnu11;
				GCC_DYNAMIC_NO_PIC = NO;
				GCC_NO_COMMON_BLOCKS = YES;
				GCC_OPTIMIZATION_LEVEL = 0;
				GCC_PREPROCESSOR_DEFINITIONS = (
					"DEBUG=1",
					"$(inherited)",
				);
				GCC_WARN_64_TO_32_BIT_CONVERSION = YES;
				GCC_WARN_ABOUT_RETURN_TYPE = YES_ERROR;
				GCC_WARN_UNDECLARED_SELECTOR = YES;
				GCC_WARN_UNINITIALIZED_AUTOS = YES_AGGRESSIVE;
				GCC_WARN_UNUSED_FUNCTION = YES;
				GCC_WARN_UNUSED_VARIABLE = YES;
				IPHONEOS_DEPLOYMENT_TARGET = 12.2;
				MTL_ENABLE_DEBUG_INFO = INCLUDE_SOURCE;
				MTL_FAST_MATH = YES;
				ONLY_ACTIVE_ARCH = YES;
				SDKROOT = iphoneos;
				SWIFT_ACTIVE_COMPILATION_CONDITIONS = DEBUG;
				SWIFT_OPTIMIZATION_LEVEL = "-Onone";
			};
			name = Debug;
		};
		A1231AA922DA07DD00D88AEF /* Release */ = {
			isa = XCBuildConfiguration;
			buildSettings = {
				ALWAYS_SEARCH_USER_PATHS = NO;
				CLANG_ANALYZER_NONNULL = YES;
				CLANG_ANALYZER_NUMBER_OBJECT_CONVERSION = YES_AGGRESSIVE;
				CLANG_CXX_LANGUAGE_STANDARD = "gnu++14";
				CLANG_CXX_LIBRARY = "libc++";
				CLANG_ENABLE_MODULES = YES;
				CLANG_ENABLE_OBJC_ARC = YES;
				CLANG_ENABLE_OBJC_WEAK = YES;
				CLANG_WARN_BLOCK_CAPTURE_AUTORELEASING = YES;
				CLANG_WARN_BOOL_CONVERSION = YES;
				CLANG_WARN_COMMA = YES;
				CLANG_WARN_CONSTANT_CONVERSION = YES;
				CLANG_WARN_DEPRECATED_OBJC_IMPLEMENTATIONS = YES;
				CLANG_WARN_DIRECT_OBJC_ISA_USAGE = YES_ERROR;
				CLANG_WARN_DOCUMENTATION_COMMENTS = YES;
				CLANG_WARN_EMPTY_BODY = YES;
				CLANG_WARN_ENUM_CONVERSION = YES;
				CLANG_WARN_INFINITE_RECURSION = YES;
				CLANG_WARN_INT_CONVERSION = YES;
				CLANG_WARN_NON_LITERAL_NULL_CONVERSION = YES;
				CLANG_WARN_OBJC_IMPLICIT_RETAIN_SELF = YES;
				CLANG_WARN_OBJC_LITERAL_CONVERSION = YES;
				CLANG_WARN_OBJC_ROOT_CLASS = YES_ERROR;
				CLANG_WARN_RANGE_LOOP_ANALYSIS = YES;
				CLANG_WARN_STRICT_PROTOTYPES = YES;
				CLANG_WARN_SUSPICIOUS_MOVE = YES;
				CLANG_WARN_UNGUARDED_AVAILABILITY = YES_AGGRESSIVE;
				CLANG_WARN_UNREACHABLE_CODE = YES;
				CLANG_WARN__DUPLICATE_METHOD_MATCH = YES;
				CODE_SIGN_IDENTITY = "iPhone Developer";
				COPY_PHASE_STRIP = NO;
				DEBUG_INFORMATION_FORMAT = "dwarf-with-dsym";
				ENABLE_NS_ASSERTIONS = NO;
				ENABLE_STRICT_OBJC_MSGSEND = YES;
				GCC_C_LANGUAGE_STANDARD = gnu11;
				GCC_NO_COMMON_BLOCKS = YES;
				GCC_WARN_64_TO_32_BIT_CONVERSION = YES;
				GCC_WARN_ABOUT_RETURN_TYPE = YES_ERROR;
				GCC_WARN_UNDECLARED_SELECTOR = YES;
				GCC_WARN_UNINITIALIZED_AUTOS = YES_AGGRESSIVE;
				GCC_WARN_UNUSED_FUNCTION = YES;
				GCC_WARN_UNUSED_VARIABLE = YES;
				IPHONEOS_DEPLOYMENT_TARGET = 12.2;
				MTL_ENABLE_DEBUG_INFO = NO;
				MTL_FAST_MATH = YES;
				SDKROOT = iphoneos;
				SWIFT_COMPILATION_MODE = wholemodule;
				SWIFT_OPTIMIZATION_LEVEL = "-O";
				VALIDATE_PRODUCT = YES;
			};
			name = Release;
		};
		A1231AAB22DA07DD00D88AEF /* Debug */ = {
			isa = XCBuildConfiguration;
			baseConfigurationReference = 90D355151A7C8D3058F2F734 /* Pods-Todoey.debug.xcconfig */;
			buildSettings = {
				ASSETCATALOG_COMPILER_APPICON_NAME = AppIcon;
				CODE_SIGN_STYLE = Automatic;
				INFOPLIST_FILE = Todoey/Info.plist;
				LD_RUNPATH_SEARCH_PATHS = (
					"$(inherited)",
					"@executable_path/Frameworks",
				);
				PRODUCT_BUNDLE_IDENTIFIER = com.HMSolutions.Todoey;
				PRODUCT_NAME = "$(TARGET_NAME)";
				SWIFT_VERSION = 5.0;
				TARGETED_DEVICE_FAMILY = "1,2";
			};
			name = Debug;
		};
		A1231AAC22DA07DD00D88AEF /* Release */ = {
			isa = XCBuildConfiguration;
			baseConfigurationReference = 51E676CBC7039515CB86411D /* Pods-Todoey.release.xcconfig */;
			buildSettings = {
				ASSETCATALOG_COMPILER_APPICON_NAME = AppIcon;
				CODE_SIGN_STYLE = Automatic;
				INFOPLIST_FILE = Todoey/Info.plist;
				LD_RUNPATH_SEARCH_PATHS = (
					"$(inherited)",
					"@executable_path/Frameworks",
				);
				PRODUCT_BUNDLE_IDENTIFIER = com.HMSolutions.Todoey;
				PRODUCT_NAME = "$(TARGET_NAME)";
				SWIFT_VERSION = 5.0;
				TARGETED_DEVICE_FAMILY = "1,2";
			};
			name = Release;
		};
/* End XCBuildConfiguration section */

/* Begin XCConfigurationList section */
		A1231A9322DA07D800D88AEF /* Build configuration list for PBXProject "Todoey" */ = {
			isa = XCConfigurationList;
			buildConfigurations = (
				A1231AA822DA07DD00D88AEF /* Debug */,
				A1231AA922DA07DD00D88AEF /* Release */,
			);
			defaultConfigurationIsVisible = 0;
			defaultConfigurationName = Release;
		};
		A1231AAA22DA07DD00D88AEF /* Build configuration list for PBXNativeTarget "Todoey" */ = {
			isa = XCConfigurationList;
			buildConfigurations = (
				A1231AAB22DA07DD00D88AEF /* Debug */,
				A1231AAC22DA07DD00D88AEF /* Release */,
			);
			defaultConfigurationIsVisible = 0;
			defaultConfigurationName = Release;
		};
/* End XCConfigurationList section */
	};
	rootObject = A1231A9022DA07D800D88AEF /* Project object */;
}
